
Microsoft Visual Studio Solution File, Format Version 12.00
# Visual Studio Version 16
VisualStudioVersion = 16.0.29920.165
MinimumVisualStudioVersion = 10.0.40219.1
Project("{FAE04EC0-301F-11D3-BF4B-00C04F79EFBC}") = "ReservationProcessor", "ReservationProcessor\ReservationProcessor.csproj", "{D3730D68-4EBA-436F-888F-DE5D00898378}"
EndProject
Project("{9A19103F-16F7-4668-BE54-9A1E7A4F7556}") = "RabbitMqUtils", "bes200-rabbitmqutils-master\RabbitMqUtils.csproj", "{25E7C5B2-662E-4145-B893-E65BA5D7D2FD}"
EndProject
Global
	GlobalSection(SolutionConfigurationPlatforms) = preSolution
		Debug|Any CPU = Debug|Any CPU
		Release|Any CPU = Release|Any CPU
	EndGlobalSection
	GlobalSection(ProjectConfigurationPlatforms) = postSolution
		{D3730D68-4EBA-436F-888F-DE5D00898378}.Debug|Any CPU.ActiveCfg = Debug|Any CPU
		{D3730D68-4EBA-436F-888F-DE5D00898378}.Debug|Any CPU.Build.0 = Debug|Any CPU
		{D3730D68-4EBA-436F-888F-DE5D00898378}.Release|Any CPU.ActiveCfg = Release|Any CPU
		{D3730D68-4EBA-436F-888F-DE5D00898378}.Release|Any CPU.Build.0 = Release|Any CPU
		{25E7C5B2-662E-4145-B893-E65BA5D7D2FD}.Debug|Any CPU.ActiveCfg = Debug|Any CPU
		{25E7C5B2-662E-4145-B893-E65BA5D7D2FD}.Debug|Any CPU.Build.0 = Debug|Any CPU
		{25E7C5B2-662E-4145-B893-E65BA5D7D2FD}.Release|Any CPU.ActiveCfg = Release|Any CPU
		{25E7C5B2-662E-4145-B893-E65BA5D7D2FD}.Release|Any CPU.Build.0 = Release|Any CPU
	EndGlobalSection
	GlobalSection(SolutionProperties) = preSolution
		HideSolutionNode = FALSE
	EndGlobalSection
	GlobalSection(ExtensibilityGlobals) = postSolution
		SolutionGuid = {DA82574E-1D23-4549-973A-34D5D7A2BF5F}
	EndGlobalSection
EndGlobal
